
Microsoft Visual Studio Solution File, Format Version 12.00
# Visual Studio 15
VisualStudioVersion = 15.0.27428.2037
MinimumVisualStudioVersion = 10.0.40219.1
Project("{FAE04EC0-301F-11D3-BF4B-00C04F79EFBC}") = "HGT", "HGT\HGT.csproj", "{78339A72-3067-4191-B8FD-BDD0B8141375}"
EndProject
Global
	GlobalSection(SolutionConfigurationPlatforms) = preSolution
		Debug|Any CPU = Debug|Any CPU
		Release|Any CPU = Release|Any CPU
	EndGlobalSection
	GlobalSection(ProjectConfigurationPlatforms) = postSolution
		{78339A72-3067-4191-B8FD-BDD0B8141375}.Debug|Any CPU.ActiveCfg = Debug|Any CPU
		{78339A72-3067-4191-B8FD-BDD0B8141375}.Debug|Any CPU.Build.0 = Debug|Any CPU
		{78339A72-3067-4191-B8FD-BDD0B8141375}.Release|Any CPU.ActiveCfg = Release|Any CPU
		{78339A72-3067-4191-B8FD-BDD0B8141375}.Release|Any CPU.Build.0 = Release|Any CPU
	EndGlobalSection
	GlobalSection(SolutionProperties) = preSolution
		HideSolutionNode = FALSE
	EndGlobalSection
	GlobalSection(ExtensibilityGlobals) = postSolution
		SolutionGuid = {060AF978-0DF3-46F3-871C-E4045F4B0FDF}
	EndGlobalSection
EndGlobal
