{
  "requires": true,
  "lockfileVersion": 1,
  "dependencies": {
    "@angular/animations": {
      "version": "6.0.4",
      "resolved": "https://registry.npmjs.org/@angular/animations/-/animations-6.0.4.tgz",
      "integrity": "sha512-Ro1XEwShk8XRAogfu73fKLTBLnND1s+MGhN+ymwr7ib9hqxVr7jMNE+MXPqG2/1BX9c+7NHb30B8G4woQn62vw==",
      "requires": {
        "tslib": "1.9.2"
      }
    },
    "angular2-notifications": {
      "version": "1.0.2",
      "resolved": "https://registry.npmjs.org/angular2-notifications/-/angular2-notifications-1.0.2.tgz",
      "integrity": "sha512-x3knw1TQ8oiYX0GCB+nPPTOycDa5aMVa0hNABnh33wLnsrc3UMZl1xJlclGoX6+Wx0UmIAvOyYn0Gimg6DbyKA=="
    },
    "jquery": {
      "version": "3.3.1",
      "resolved": "https://registry.npmjs.org/jquery/-/jquery-3.3.1.tgz",
      "integrity": "sha512-Ubldcmxp5np52/ENotGxlLe6aGMvmF4R8S6tZjsP6Knsaxd/xp3Zrh50cG93lR6nPXyUFwzN3ZSOQI0wRJNdGg=="
    },
    "ngx-toastr": {
      "version": "8.7.3",
      "resolved": "https://registry.npmjs.org/ngx-toastr/-/ngx-toastr-8.7.3.tgz",
      "integrity": "sha512-xAdFoKAZ92oc4cX/Jjcypw05tELmp+EhFet+OBovW7wXiKJK2N1qyT15bmk88rx8xASts/5Cos4MQc4TIQ1Eow==",
      "requires": {
        "tslib": "1.9.2"
      }
    },
    "tslib": {
      "version": "1.9.2",
      "resolved": "https://registry.npmjs.org/tslib/-/tslib-1.9.2.tgz",
      "integrity": "sha512-AVP5Xol3WivEr7hnssHDsaM+lVrVXWUvd1cfXTRkTj80b//6g2wIFEH6hZG0muGZRnHGrfttpdzRk3YlBkWjKw=="
    }
  }
}
